{
  "name": "uuzpack",
  "version": "1.0.0",
  "lockfileVersion": 1,
  "requires": true,
  "dependencies": {
    "@babel/helper-validator-identifier": {
      "version": "7.14.5",
      "resolved": "http://10.9.51.250:8081/repository/npm-all/@babel/helper-validator-identifier/-/helper-validator-identifier-7.14.5.tgz",
      "integrity": "sha1-0PDid8US4Mk4J3+qhaOWjJpEwOg="
    },
    "@babel/parser": {
      "version": "7.14.7",
      "resolved": "http://10.9.51.250:8081/repository/npm-all/@babel/parser/-/parser-7.14.7.tgz",
      "integrity": "sha1-YJlyDIg5yoZaJjfmyFhS6tC9tZU="
    },
    "@babel/types": {
      "version": "7.14.5",
      "resolved": "http://10.9.51.250:8081/repository/npm-all/@babel/types/-/types-7.14.5.tgz",
      "integrity": "sha1-O7mXuoKaIQTO2yBonEpbgSHTg/8=",
      "requires": {
        "@babel/helper-validator-identifier": "^7.14.5",
        "to-fast-properties": "^2.0.0"
      }
    },
    "@types/estree": {
      "version": "0.0.48",
      "resolved": "http://10.9.51.250:8081/repository/npm-all/@types/estree/-/estree-0.0.48.tgz",
      "integrity": "sha1-GNyAkbKF35DbLyWqfZBs/DlLf3Q="
    },
    "@vue/compiler-core": {
      "version": "3.1.5",
      "resolved": "http://10.9.51.250:8081/repository/npm-all/@vue/compiler-core/-/compiler-core-3.1.5.tgz",
      "integrity": "sha1-KY+QW2Bl1tgf9jdW+Yxgh2s5PIc=",
      "requires": {
        "@babel/parser": "^7.12.0",
        "@babel/types": "^7.12.0",
        "@vue/shared": "3.1.5",
        "estree-walker": "^2.0.1",
        "source-map": "^0.6.1"
      }
    },
    "@vue/compiler-dom": {
      "version": "3.1.5",
      "resolved": "http://10.9.51.250:8081/repository/npm-all/@vue/compiler-dom/-/compiler-dom-3.1.5.tgz",
      "integrity": "sha1-y7lwIMYqX6o/vCqXkWvZgEGsmFY=",
      "requires": {
        "@vue/compiler-core": "3.1.5",
        "@vue/shared": "3.1.5"
      }
    },
    "@vue/compiler-sfc": {
      "version": "3.1.5",
      "resolved": "http://10.9.51.250:8081/repository/npm-all/@vue/compiler-sfc/-/compiler-sfc-3.1.5.tgz",
      "integrity": "sha1-5h5U86ljsPSo5SP7uGMjkNxSsNY=",
      "requires": {
        "@babel/parser": "^7.13.9",
        "@babel/types": "^7.13.0",
        "@types/estree": "^0.0.48",
        "@vue/compiler-core": "3.1.5",
        "@vue/compiler-dom": "3.1.5",
        "@vue/compiler-ssr": "3.1.5",
        "@vue/shared": "3.1.5",
        "consolidate": "^0.16.0",
        "estree-walker": "^2.0.1",
        "hash-sum": "^2.0.0",
        "lru-cache": "^5.1.1",
        "magic-string": "^0.25.7",
        "merge-source-map": "^1.1.0",
        "postcss": "^8.1.10",
        "postcss-modules": "^4.0.0",
        "postcss-selector-parser": "^6.0.4",
        "source-map": "^0.6.1"
      }
    },
    "@vue/compiler-ssr": {
      "version": "3.1.5",
      "resolved": "http://10.9.51.250:8081/repository/npm-all/@vue/compiler-ssr/-/compiler-ssr-3.1.5.tgz",
      "integrity": "sha1-8GhlJ3QpMlah5TCEvtSKZ2gt+dI=",
      "requires": {
        "@vue/compiler-dom": "3.1.5",
        "@vue/shared": "3.1.5"
      }
    },
    "@vue/shared": {
      "version": "3.1.5",
      "resolved": "http://10.9.51.250:8081/repository/npm-all/@vue/shared/-/shared-3.1.5.tgz",
      "integrity": "sha1-dO46rZldCjmWpruVM9TSgFFO3gM="
    },
    "accepts": {
      "version": "1.3.7",
      "resolved": "http://10.9.51.250:8081/repository/npm-all/accepts/-/accepts-1.3.7.tgz",
      "integrity": "sha1-UxvHJlF6OytB+FACHGzBXqq1B80=",
      "requires": {
        "mime-types": "~2.1.24",
        "negotiator": "0.6.2"
      }
    },
    "any-promise": {
      "version": "1.3.0",
      "resolved": "http://10.9.51.250:8081/repository/npm-all/any-promise/-/any-promise-1.3.0.tgz",
      "integrity": "sha1-q8av7tzqUugJzcA3au0845Y10X8="
    },
    "big.js": {
      "version": "5.2.2",
      "resolved": "http://10.9.51.250:8081/repository/npm-all/big.js/-/big.js-5.2.2.tgz",
      "integrity": "sha1-ZfCvOC9Xi83HQr2cKB6cstd2gyg="
    },
    "bluebird": {
      "version": "3.7.2",
      "resolved": "http://10.9.51.250:8081/repository/npm-all/bluebird/-/bluebird-3.7.2.tgz",
      "integrity": "sha1-nyKcFb4nJFT/qXOs4NvueaGww28="
    },
    "cache-content-type": {
      "version": "1.0.1",
      "resolved": "http://10.9.51.250:8081/repository/npm-all/cache-content-type/-/cache-content-type-1.0.1.tgz",
      "integrity": "sha1-A1zeKwjuISn0qDFeqPAKANuhRTw=",
      "requires": {
        "mime-types": "^2.1.18",
        "ylru": "^1.2.0"
      }
    },
    "co": {
      "version": "4.6.0",
      "resolved": "http://10.9.51.250:8081/repository/npm-all/co/-/co-4.6.0.tgz",
      "integrity": "sha1-bqa989hTrlTMuOR7+gvz+QMfsYQ="
    },
    "colorette": {
      "version": "1.2.2",
      "resolved": "http://10.9.51.250:8081/repository/npm-all/colorette/-/colorette-1.2.2.tgz",
      "integrity": "sha1-y8x51emcrqLb8Q6zom/Ys+as+pQ="
    },
    "consolidate": {
      "version": "0.16.0",
      "resolved": "http://10.9.51.250:8081/repository/npm-all/consolidate/-/consolidate-0.16.0.tgz",
      "integrity": "sha1-oRhkdokw8vGUMWYKZZBmaPX73BY=",
      "requires": {
        "bluebird": "^3.7.2"
      }
    },
    "content-disposition": {
      "version": "0.5.3",
      "resolved": "http://10.9.51.250:8081/repository/npm-all/content-disposition/-/content-disposition-0.5.3.tgz",
      "integrity": "sha1-4TDK9+cnkIfFYWwgB9BIVpiYT70=",
      "requires": {
        "safe-buffer": "5.1.2"
      }
    },
    "content-type": {
      "version": "1.0.4",
      "resolved": "http://10.9.51.250:8081/repository/npm-all/content-type/-/content-type-1.0.4.tgz",
      "integrity": "sha1-4TjMdeBAxyexlm/l5fjJruJW/js="
    },
    "cookies": {
      "version": "0.8.0",
      "resolved": "http://10.9.51.250:8081/repository/npm-all/cookies/-/cookies-0.8.0.tgz",
      "integrity": "sha1-EpPOSzkXQKhAbjyYcOgoxLVPP5A=",
      "requires": {
        "depd": "~2.0.0",
        "keygrip": "~1.1.0"
      }
    },
    "cssesc": {
      "version": "3.0.0",
      "resolved": "http://10.9.51.250:8081/repository/npm-all/cssesc/-/cssesc-3.0.0.tgz",
      "integrity": "sha1-N3QZGZA7hoVl4cCep0dEXNGJg+4="
    },
    "debug": {
      "version": "3.1.0",
      "resolved": "http://10.9.51.250:8081/repository/npm-all/debug/-/debug-3.1.0.tgz",
      "integrity": "sha1-W7WgZyYotkFJVmuhaBnmFRjGcmE=",
      "requires": {
        "ms": "2.0.0"
      }
    },
    "deep-equal": {
      "version": "1.0.1",
      "resolved": "http://10.9.51.250:8081/repository/npm-all/deep-equal/-/deep-equal-1.0.1.tgz",
      "integrity": "sha1-9dJgKStmDghO/0zbyfCK0yR0SLU="
    },
    "delegates": {
      "version": "1.0.0",
      "resolved": "http://10.9.51.250:8081/repository/npm-all/delegates/-/delegates-1.0.0.tgz",
      "integrity": "sha1-hMbhWbgZBP3KWaDvRM2HDTElD5o="
    },
    "depd": {
      "version": "2.0.0",
      "resolved": "http://10.9.51.250:8081/repository/npm-all/depd/-/depd-2.0.0.tgz",
      "integrity": "sha1-tpYWPMdXVg0JzyLMj60Vcbeedt8="
    },
    "destroy": {
      "version": "1.0.4",
      "resolved": "http://10.9.51.250:8081/repository/npm-all/destroy/-/destroy-1.0.4.tgz",
      "integrity": "sha1-l4hXRCxEdJ5CBmE+N5RiBYJqvYA="
    },
    "ee-first": {
      "version": "1.1.1",
      "resolved": "http://10.9.51.250:8081/repository/npm-all/ee-first/-/ee-first-1.1.1.tgz",
      "integrity": "sha1-WQxhFWsK4vTwJVcyoViyZrxWsh0="
    },
    "emojis-list": {
      "version": "3.0.0",
      "resolved": "http://10.9.51.250:8081/repository/npm-all/emojis-list/-/emojis-list-3.0.0.tgz",
      "integrity": "sha1-VXBmIEatKeLpFucariYKvf9Pang="
    },
    "encodeurl": {
      "version": "1.0.2",
      "resolved": "http://10.9.51.250:8081/repository/npm-all/encodeurl/-/encodeurl-1.0.2.tgz",
      "integrity": "sha1-rT/0yG7C0CkyL1oCw6mmBslbP1k="
    },
    "es-module-lexer": {
      "version": "0.3.26",
      "resolved": "http://10.9.51.250:8081/repository/npm-all/es-module-lexer/-/es-module-lexer-0.3.26.tgz",
      "integrity": "sha1-e1BwROl9WwOwHUOSx0/+ucF3qDs="
    },
    "escape-html": {
      "version": "1.0.3",
      "resolved": "http://10.9.51.250:8081/repository/npm-all/escape-html/-/escape-html-1.0.3.tgz",
      "integrity": "sha1-Aljq5NPQwJdN4cFpGI7wBR0dGYg="
    },
    "estree-walker": {
      "version": "2.0.2",
      "resolved": "http://10.9.51.250:8081/repository/npm-all/estree-walker/-/estree-walker-2.0.2.tgz",
      "integrity": "sha1-UvAQF4wqTBF6d1fP6UKtt9LaTKw="
    },
    "fresh": {
      "version": "0.5.2",
      "resolved": "http://10.9.51.250:8081/repository/npm-all/fresh/-/fresh-0.5.2.tgz",
      "integrity": "sha1-PYyt2Q2XZWn6g1qx+OSyOhBWBac="
    },
    "generic-names": {
      "version": "2.0.1",
      "resolved": "http://10.9.51.250:8081/repository/npm-all/generic-names/-/generic-names-2.0.1.tgz",
      "integrity": "sha1-+KN46tLMqno08DF7BVVIMq5BuHI=",
      "requires": {
        "loader-utils": "^1.1.0"
      }
    },
    "hash-sum": {
      "version": "2.0.0",
      "resolved": "http://10.9.51.250:8081/repository/npm-all/hash-sum/-/hash-sum-2.0.0.tgz",
      "integrity": "sha1-gdAbtd6OpKIUrV1urRtSNGCwtFo="
    },
    "http-assert": {
      "version": "1.4.1",
      "resolved": "http://10.9.51.250:8081/repository/npm-all/http-assert/-/http-assert-1.4.1.tgz",
      "integrity": "sha1-xfcl1neqfoc+9zYZm4lobM6zeHg=",
      "requires": {
        "deep-equal": "~1.0.1",
        "http-errors": "~1.7.2"
      },
      "dependencies": {
        "depd": {
          "version": "1.1.2",
          "resolved": "http://10.9.51.250:8081/repository/npm-all/depd/-/depd-1.1.2.tgz",
          "integrity": "sha1-m81S4UwJd2PnSbJ0xDRu0uVgtak="
        },
        "http-errors": {
          "version": "1.7.3",
          "resolved": "http://10.9.51.250:8081/repository/npm-all/http-errors/-/http-errors-1.7.3.tgz",
          "integrity": "sha1-bGGeT5xgMIw4UZSYwU+7EKrOuwY=",
          "requires": {
            "depd": "~1.1.2",
            "inherits": "2.0.4",
            "setprototypeof": "1.1.1",
            "statuses": ">= 1.5.0 < 2",
            "toidentifier": "1.0.0"
          }
        }
      }
    },
    "http-errors": {
      "version": "1.8.0",
      "resolved": "http://10.9.51.250:8081/repository/npm-all/http-errors/-/http-errors-1.8.0.tgz",
      "integrity": "sha1-ddG75JfhBE9R5O6ecEpi8o0zZQc=",
      "requires": {
        "depd": "~1.1.2",
        "inherits": "2.0.4",
        "setprototypeof": "1.2.0",
        "statuses": ">= 1.5.0 < 2",
        "toidentifier": "1.0.0"
      },
      "dependencies": {
        "depd": {
          "version": "1.1.2",
          "resolved": "http://10.9.51.250:8081/repository/npm-all/depd/-/depd-1.1.2.tgz",
          "integrity": "sha1-m81S4UwJd2PnSbJ0xDRu0uVgtak="
        },
        "setprototypeof": {
          "version": "1.2.0",
          "resolved": "http://10.9.51.250:8081/repository/npm-all/setprototypeof/-/setprototypeof-1.2.0.tgz",
          "integrity": "sha1-ZsmiSnP5/CjL5msJ/tPTPcrxtCQ="
        }
      }
    },
    "icss-replace-symbols": {
      "version": "1.1.0",
      "resolved": "http://10.9.51.250:8081/repository/npm-all/icss-replace-symbols/-/icss-replace-symbols-1.1.0.tgz",
      "integrity": "sha1-Bupvg2ead0njhs/h/oEq5dsiPe0="
    },
    "icss-utils": {
      "version": "5.1.0",
      "resolved": "http://10.9.51.250:8081/repository/npm-all/icss-utils/-/icss-utils-5.1.0.tgz",
      "integrity": "sha1-xr5oWKvQE9do6YNmrkfiXViHsa4="
    },
    "inherits": {
      "version": "2.0.4",
      "resolved": "http://10.9.51.250:8081/repository/npm-all/inherits/-/inherits-2.0.4.tgz",
      "integrity": "sha1-D6LGT5MpF8NDOg3tVTY6rjdBa3w="
    },
    "is-generator-function": {
      "version": "1.0.9",
      "resolved": "http://10.9.51.250:8081/repository/npm-all/is-generator-function/-/is-generator-function-1.0.9.tgz",
      "integrity": "sha1-5fgsIyNnPn/K09EoWMg8QDn2OZw="
    },
    "json5": {
      "version": "1.0.1",
      "resolved": "http://10.9.51.250:8081/repository/npm-all/json5/-/json5-1.0.1.tgz",
      "integrity": "sha1-d5+wAYYE+oVOrL9iUhgNg1Q+Pb4=",
      "requires": {
        "minimist": "^1.2.0"
      }
    },
    "keygrip": {
      "version": "1.1.0",
      "resolved": "http://10.9.51.250:8081/repository/npm-all/keygrip/-/keygrip-1.1.0.tgz",
      "integrity": "sha1-hxsWgdXhWcYqRFsMdLYV4JF+ciY=",
      "requires": {
        "tsscmp": "1.0.6"
      }
    },
    "koa": {
      "version": "2.13.1",
      "resolved": "http://10.9.51.250:8081/repository/npm-all/koa/-/koa-2.13.1.tgz",
      "integrity": "sha1-YnUXKHWye8/h1FQ1altrn1qbEFE=",
      "requires": {
        "accepts": "^1.3.5",
        "cache-content-type": "^1.0.0",
        "content-disposition": "~0.5.2",
        "content-type": "^1.0.4",
        "cookies": "~0.8.0",
        "debug": "~3.1.0",
        "delegates": "^1.0.0",
        "depd": "^2.0.0",
        "destroy": "^1.0.4",
        "encodeurl": "^1.0.2",
        "escape-html": "^1.0.3",
        "fresh": "~0.5.2",
        "http-assert": "^1.3.0",
        "http-errors": "^1.6.3",
        "is-generator-function": "^1.0.7",
        "koa-compose": "^4.1.0",
        "koa-convert": "^1.2.0",
        "on-finished": "^2.3.0",
        "only": "~0.0.2",
        "parseurl": "^1.3.2",
        "statuses": "^1.5.0",
        "type-is": "^1.6.16",
        "vary": "^1.1.2"
      }
    },
    "koa-compose": {
      "version": "4.1.0",
      "resolved": "http://10.9.51.250:8081/repository/npm-all/koa-compose/-/koa-compose-4.1.0.tgz",
      "integrity": "sha1-UHMGuTcZAdtBEhyBLpI9DWfT6Hc="
    },
    "koa-convert": {
      "version": "1.2.0",
      "resolved": "http://10.9.51.250:8081/repository/npm-all/koa-convert/-/koa-convert-1.2.0.tgz",
      "integrity": "sha1-2kCHXfSd4FOQmNFwC1CCDOvNIdA=",
      "requires": {
        "co": "^4.6.0",
        "koa-compose": "^3.0.0"
      },
      "dependencies": {
        "koa-compose": {
          "version": "3.2.1",
          "resolved": "http://10.9.51.250:8081/repository/npm-all/koa-compose/-/koa-compose-3.2.1.tgz",
          "integrity": "sha1-qFzLQLfZhtjlo0Wzoazo6rz1Tec=",
          "requires": {
            "any-promise": "^1.1.0"
          }
        }
      }
    },
    "loader-utils": {
      "version": "1.4.0",
      "resolved": "http://10.9.51.250:8081/repository/npm-all/loader-utils/-/loader-utils-1.4.0.tgz",
      "integrity": "sha1-xXm140yzSxp07cbB+za/o3HVphM=",
      "requires": {
        "big.js": "^5.2.2",
        "emojis-list": "^3.0.0",
        "json5": "^1.0.1"
      }
    },
    "lodash.camelcase": {
      "version": "4.3.0",
      "resolved": "http://10.9.51.250:8081/repository/npm-all/lodash.camelcase/-/lodash.camelcase-4.3.0.tgz",
      "integrity": "sha1-soqmKIorn8ZRA1x3EfZathkDMaY="
    },
    "lru-cache": {
      "version": "5.1.1",
      "resolved": "http://10.9.51.250:8081/repository/npm-all/lru-cache/-/lru-cache-5.1.1.tgz",
      "integrity": "sha1-HaJ+ZxAnGUdpXa9oSOhH8B2EuSA=",
      "requires": {
        "yallist": "^3.0.2"
      }
    },
    "magic-string": {
      "version": "0.25.7",
      "resolved": "http://10.9.51.250:8081/repository/npm-all/magic-string/-/magic-string-0.25.7.tgz",
      "integrity": "sha1-P0l9b9NMZpxnmNy4IfLvMfVEUFE=",
      "requires": {
        "sourcemap-codec": "^1.4.4"
      }
    },
    "media-typer": {
      "version": "0.3.0",
      "resolved": "http://10.9.51.250:8081/repository/npm-all/media-typer/-/media-typer-0.3.0.tgz",
      "integrity": "sha1-hxDXrwqmJvj/+hzgAWhUUmMlV0g="
    },
    "merge-source-map": {
      "version": "1.1.0",
      "resolved": "http://10.9.51.250:8081/repository/npm-all/merge-source-map/-/merge-source-map-1.1.0.tgz",
      "integrity": "sha1-L93n5gIJOfcJBqaPLXrmheTIxkY=",
      "requires": {
        "source-map": "^0.6.1"
      }
    },
    "mime-db": {
      "version": "1.48.0",
      "resolved": "http://10.9.51.250:8081/repository/npm-all/mime-db/-/mime-db-1.48.0.tgz",
      "integrity": "sha1-41sxBF3X6to6qtU37YijOvvvLR0="
    },
    "mime-types": {
      "version": "2.1.31",
      "resolved": "http://10.9.51.250:8081/repository/npm-all/mime-types/-/mime-types-2.1.31.tgz",
      "integrity": "sha1-oA12t0MXxh+cLbIhi46fjpxcnms=",
      "requires": {
        "mime-db": "1.48.0"
      }
    },
    "minimist": {
      "version": "1.2.5",
      "resolved": "http://10.9.51.250:8081/repository/npm-all/minimist/-/minimist-1.2.5.tgz",
      "integrity": "sha1-Z9ZgFLZqaoqqDAg8X9WN9OTpdgI="
    },
    "ms": {
      "version": "2.0.0",
      "resolved": "http://10.9.51.250:8081/repository/npm-all/ms/-/ms-2.0.0.tgz",
      "integrity": "sha1-VgiurfwAvmwpAd9fmGF4jeDVl8g="
    },
    "nanoid": {
      "version": "3.1.23",
      "resolved": "http://10.9.51.250:8081/repository/npm-all/nanoid/-/nanoid-3.1.23.tgz",
      "integrity": "sha1-90QIbOfCvEfuCoRyV01ceOQYOoE="
    },
    "negotiator": {
      "version": "0.6.2",
      "resolved": "http://10.9.51.250:8081/repository/npm-all/negotiator/-/negotiator-0.6.2.tgz",
      "integrity": "sha1-/qz3zPUlp3rpY0Q2pkiD/+yjRvs="
    },
    "on-finished": {
      "version": "2.3.0",
      "resolved": "http://10.9.51.250:8081/repository/npm-all/on-finished/-/on-finished-2.3.0.tgz",
      "integrity": "sha1-IPEzZIGwg811M3mSoWlxqi2QaUc=",
      "requires": {
        "ee-first": "1.1.1"
      }
    },
    "only": {
      "version": "0.0.2",
      "resolved": "http://10.9.51.250:8081/repository/npm-all/only/-/only-0.0.2.tgz",
      "integrity": "sha1-Kv3oTQPlC5qO3EROMGEKcCle37Q="
    },
    "parseurl": {
      "version": "1.3.3",
      "resolved": "http://10.9.51.250:8081/repository/npm-all/parseurl/-/parseurl-1.3.3.tgz",
      "integrity": "sha1-naGee+6NEt/wUT7Vt2lXeTvC6NQ="
    },
    "postcss": {
      "version": "8.3.5",
      "resolved": "http://10.9.51.250:8081/repository/npm-all/postcss/-/postcss-8.3.5.tgz",
      "integrity": "sha1-mCIWsRNBK8IKhiiekeuZSVKltwk=",
      "requires": {
        "colorette": "^1.2.2",
        "nanoid": "^3.1.23",
        "source-map-js": "^0.6.2"
      }
    },
    "postcss-modules": {
      "version": "4.1.3",
      "resolved": "http://10.9.51.250:8081/repository/npm-all/postcss-modules/-/postcss-modules-4.1.3.tgz",
      "integrity": "sha1-xMTEHZjZfSTHDojaz8l69aSz4h0=",
      "requires": {
        "generic-names": "^2.0.1",
        "icss-replace-symbols": "^1.1.0",
        "lodash.camelcase": "^4.3.0",
        "postcss-modules-extract-imports": "^3.0.0",
        "postcss-modules-local-by-default": "^4.0.0",
        "postcss-modules-scope": "^3.0.0",
        "postcss-modules-values": "^4.0.0",
        "string-hash": "^1.1.1"
      }
    },
    "postcss-modules-extract-imports": {
      "version": "3.0.0",
      "resolved": "http://10.9.51.250:8081/repository/npm-all/postcss-modules-extract-imports/-/postcss-modules-extract-imports-3.0.0.tgz",
      "integrity": "sha1-zaHwR8CugMl9vijD52pDuIAldB0="
    },
    "postcss-modules-local-by-default": {
      "version": "4.0.0",
      "resolved": "http://10.9.51.250:8081/repository/npm-all/postcss-modules-local-by-default/-/postcss-modules-local-by-default-4.0.0.tgz",
      "integrity": "sha1-67tU+uFZjuz99pGgKz/zs5ClpRw=",
      "requires": {
        "icss-utils": "^5.0.0",
        "postcss-selector-parser": "^6.0.2",
        "postcss-value-parser": "^4.1.0"
      }
    },
    "postcss-modules-scope": {
      "version": "3.0.0",
      "resolved": "http://10.9.51.250:8081/repository/npm-all/postcss-modules-scope/-/postcss-modules-scope-3.0.0.tgz",
      "integrity": "sha1-nvMVFFbTu/oSDKRImN/Kby+gHwY=",
      "requires": {
        "postcss-selector-parser": "^6.0.4"
      }
    },
    "postcss-modules-values": {
      "version": "4.0.0",
      "resolved": "http://10.9.51.250:8081/repository/npm-all/postcss-modules-values/-/postcss-modules-values-4.0.0.tgz",
      "integrity": "sha1-18Xn5ow7s8myfL9Iyguz/7RgLJw=",
      "requires": {
        "icss-utils": "^5.0.0"
      }
    },
    "postcss-selector-parser": {
      "version": "6.0.6",
      "resolved": "http://10.9.51.250:8081/repository/npm-all/postcss-selector-parser/-/postcss-selector-parser-6.0.6.tgz",
      "integrity": "sha1-LFu6gXSsL2mBq2MaQqsO5UrzMuo=",
      "requires": {
        "cssesc": "^3.0.0",
        "util-deprecate": "^1.0.2"
      }
    },
    "postcss-value-parser": {
      "version": "4.1.0",
      "resolved": "http://10.9.51.250:8081/repository/npm-all/postcss-value-parser/-/postcss-value-parser-4.1.0.tgz",
      "integrity": "sha1-RD9qIM7WSBor2k+oUypuVdeJoss="
    },
    "safe-buffer": {
      "version": "5.1.2",
      "resolved": "http://10.9.51.250:8081/repository/npm-all/safe-buffer/-/safe-buffer-5.1.2.tgz",
      "integrity": "sha1-mR7GnSluAxN0fVm9/St0XDX4go0="
    },
    "setprototypeof": {
      "version": "1.1.1",
      "resolved": "http://10.9.51.250:8081/repository/npm-all/setprototypeof/-/setprototypeof-1.1.1.tgz",
      "integrity": "sha1-fpWsskqpL1iF4KvvW6ExMw1K5oM="
    },
    "source-map": {
      "version": "0.6.1",
      "resolved": "http://10.9.51.250:8081/repository/npm-all/source-map/-/source-map-0.6.1.tgz",
      "integrity": "sha1-dHIq8y6WFOnCh6jQu95IteLxomM="
    },
    "source-map-js": {
      "version": "0.6.2",
      "resolved": "http://10.9.51.250:8081/repository/npm-all/source-map-js/-/source-map-js-0.6.2.tgz",
      "integrity": "sha1-C7XeYxtBz72mz7qL0FqA79/SOF4="
    },
    "sourcemap-codec": {
      "version": "1.4.8",
      "resolved": "http://10.9.51.250:8081/repository/npm-all/sourcemap-codec/-/sourcemap-codec-1.4.8.tgz",
      "integrity": "sha1-6oBL2UhXQC5pktBaOO8a41qatMQ="
    },
    "statuses": {
      "version": "1.5.0",
      "resolved": "http://10.9.51.250:8081/repository/npm-all/statuses/-/statuses-1.5.0.tgz",
      "integrity": "sha1-Fhx9rBd2Wf2YEfQ3cfqZOBR4Yow="
    },
    "string-hash": {
      "version": "1.1.3",
      "resolved": "http://10.9.51.250:8081/repository/npm-all/string-hash/-/string-hash-1.1.3.tgz",
      "integrity": "sha1-6Kr8CsGFW0Zmkp7X3RJ1311sgRs="
    },
    "to-fast-properties": {
      "version": "2.0.0",
      "resolved": "http://10.9.51.250:8081/repository/npm-all/to-fast-properties/-/to-fast-properties-2.0.0.tgz",
      "integrity": "sha1-3F5pjL0HkmW8c+A3doGk5Og/YW4="
    },
    "toidentifier": {
      "version": "1.0.0",
      "resolved": "http://10.9.51.250:8081/repository/npm-all/toidentifier/-/toidentifier-1.0.0.tgz",
      "integrity": "sha1-fhvjRw8ed5SLxD2Uo8j013UrpVM="
    },
    "tsscmp": {
      "version": "1.0.6",
      "resolved": "http://10.9.51.250:8081/repository/npm-all/tsscmp/-/tsscmp-1.0.6.tgz",
      "integrity": "sha1-hbmVg6w1iexL/vgltQAKqRHWBes="
    },
    "type-is": {
      "version": "1.6.18",
      "resolved": "http://10.9.51.250:8081/repository/npm-all/type-is/-/type-is-1.6.18.tgz",
      "integrity": "sha1-TlUs0F3wlGfcvE73Od6J8s83wTE=",
      "requires": {
        "media-typer": "0.3.0",
        "mime-types": "~2.1.24"
      }
    },
    "util-deprecate": {
      "version": "1.0.2",
      "resolved": "http://10.9.51.250:8081/repository/npm-all/util-deprecate/-/util-deprecate-1.0.2.tgz",
      "integrity": "sha1-RQ1Nyfpw3nMnYvvS1KKJgUGaDM8="
    },
    "vary": {
      "version": "1.1.2",
      "resolved": "http://10.9.51.250:8081/repository/npm-all/vary/-/vary-1.1.2.tgz",
      "integrity": "sha1-IpnwLG3tMNSllhsLn3RSShj2NPw="
    },
    "yallist": {
      "version": "3.1.1",
      "resolved": "http://10.9.51.250:8081/repository/npm-all/yallist/-/yallist-3.1.1.tgz",
      "integrity": "sha1-27fa+b/YusmrRev2ArjLrQ1dCP0="
    },
    "ylru": {
      "version": "1.2.1",
      "resolved": "http://10.9.51.250:8081/repository/npm-all/ylru/-/ylru-1.2.1.tgz",
      "integrity": "sha1-9Xa2M0FUeYnB3nuiiHYJI7J/6E8="
    }
  }
}
